
Microsoft Visual Studio Solution File, Format Version 12.00
# Visual Studio Version 16
VisualStudioVersion = 16.0.32106.194
MinimumVisualStudioVersion = 10.0.40219.1
Project("{9A19103F-16F7-4668-BE54-9A1E7A4F7556}") = "Test", "Test\Test.csproj", "{0FDDEB41-AE52-4CB6-929E-184A20A0F86A}"
EndProject
Project("{9A19103F-16F7-4668-BE54-9A1E7A4F7556}") = "Logic", "Logic\Logic.csproj", "{1B6FCD1E-3AD4-4FB7-AEF3-013915105700}"
EndProject
Project("{9A19103F-16F7-4668-BE54-9A1E7A4F7556}") = "Data", "Data\Data.csproj", "{3C203939-3AD8-4B49-8928-801269686845}"
EndProject
Global
	GlobalSection(SolutionConfigurationPlatforms) = preSolution
		Debug|Any CPU = Debug|Any CPU
		Release|Any CPU = Release|Any CPU
	EndGlobalSection
	GlobalSection(ProjectConfigurationPlatforms) = postSolution
		{0FDDEB41-AE52-4CB6-929E-184A20A0F86A}.Debug|Any CPU.ActiveCfg = Debug|Any CPU
		{0FDDEB41-AE52-4CB6-929E-184A20A0F86A}.Debug|Any CPU.Build.0 = Debug|Any CPU
		{0FDDEB41-AE52-4CB6-929E-184A20A0F86A}.Release|Any CPU.ActiveCfg = Release|Any CPU
		{0FDDEB41-AE52-4CB6-929E-184A20A0F86A}.Release|Any CPU.Build.0 = Release|Any CPU
		{1B6FCD1E-3AD4-4FB7-AEF3-013915105700}.Debug|Any CPU.ActiveCfg = Debug|Any CPU
		{1B6FCD1E-3AD4-4FB7-AEF3-013915105700}.Debug|Any CPU.Build.0 = Debug|Any CPU
		{1B6FCD1E-3AD4-4FB7-AEF3-013915105700}.Release|Any CPU.ActiveCfg = Release|Any CPU
		{1B6FCD1E-3AD4-4FB7-AEF3-013915105700}.Release|Any CPU.Build.0 = Release|Any CPU
		{3C203939-3AD8-4B49-8928-801269686845}.Debug|Any CPU.ActiveCfg = Debug|Any CPU
		{3C203939-3AD8-4B49-8928-801269686845}.Debug|Any CPU.Build.0 = Debug|Any CPU
		{3C203939-3AD8-4B49-8928-801269686845}.Release|Any CPU.ActiveCfg = Release|Any CPU
		{3C203939-3AD8-4B49-8928-801269686845}.Release|Any CPU.Build.0 = Release|Any CPU
	EndGlobalSection
	GlobalSection(SolutionProperties) = preSolution
		HideSolutionNode = FALSE
	EndGlobalSection
	GlobalSection(ExtensibilityGlobals) = postSolution
		SolutionGuid = {FE3F72CE-E496-4744-91E8-0431B09E0D43}
	EndGlobalSection
EndGlobal
